
Microsoft Visual Studio Solution File, Format Version 12.00
# Visual Studio Version 17
VisualStudioVersion = 17.4.33103.184
MinimumVisualStudioVersion = 10.0.40219.1
Project("{FAE04EC0-301F-11D3-BF4B-00C04F79EFBC}") = "Streamish", "Streamish\Streamish.csproj", "{EC2E514B-E0BC-4BAE-8CF0-EEB3EF5DC465}"
EndProject
Global
	GlobalSection(SolutionConfigurationPlatforms) = preSolution
		Debug|Any CPU = Debug|Any CPU
		Release|Any CPU = Release|Any CPU
	EndGlobalSection
	GlobalSection(ProjectConfigurationPlatforms) = postSolution
		{EC2E514B-E0BC-4BAE-8CF0-EEB3EF5DC465}.Debug|Any CPU.ActiveCfg = Debug|Any CPU
		{EC2E514B-E0BC-4BAE-8CF0-EEB3EF5DC465}.Debug|Any CPU.Build.0 = Debug|Any CPU
		{EC2E514B-E0BC-4BAE-8CF0-EEB3EF5DC465}.Release|Any CPU.ActiveCfg = Release|Any CPU
		{EC2E514B-E0BC-4BAE-8CF0-EEB3EF5DC465}.Release|Any CPU.Build.0 = Release|Any CPU
	EndGlobalSection
	GlobalSection(SolutionProperties) = preSolution
		HideSolutionNode = FALSE
	EndGlobalSection
	GlobalSection(ExtensibilityGlobals) = postSolution
		SolutionGuid = {0960AC07-0B7E-491D-AE5C-68F1FC4DCA8C}
	EndGlobalSection
EndGlobal
